
Microsoft Visual Studio Solution File, Format Version 12.00
# Visual Studio Version 16
VisualStudioVersion = 16.0.31624.102
MinimumVisualStudioVersion = 10.0.40219.1
Project("{FAE04EC0-301F-11D3-BF4B-00C04F79EFBC}") = "ClassLibrary1", "ClassLibrary1.csproj", "{1CF86D32-B3F6-4D2D-A8FA-921B3EBEB741}"
EndProject
Global
	GlobalSection(SolutionConfigurationPlatforms) = preSolution
		Debug|Any CPU = Debug|Any CPU
		Release|Any CPU = Release|Any CPU
	EndGlobalSection
	GlobalSection(ProjectConfigurationPlatforms) = postSolution
		{1CF86D32-B3F6-4D2D-A8FA-921B3EBEB741}.Debug|Any CPU.ActiveCfg = Debug|Any CPU
		{1CF86D32-B3F6-4D2D-A8FA-921B3EBEB741}.Debug|Any CPU.Build.0 = Debug|Any CPU
		{1CF86D32-B3F6-4D2D-A8FA-921B3EBEB741}.Release|Any CPU.ActiveCfg = Release|Any CPU
		{1CF86D32-B3F6-4D2D-A8FA-921B3EBEB741}.Release|Any CPU.Build.0 = Release|Any CPU
	EndGlobalSection
	GlobalSection(SolutionProperties) = preSolution
		HideSolutionNode = FALSE
	EndGlobalSection
	GlobalSection(ExtensibilityGlobals) = postSolution
		SolutionGuid = {8BD265B1-CC46-4D8C-9842-5B0AF7EA24AB}
	EndGlobalSection
EndGlobal
